{
  "nodes": {
    "flake-utils": {
      "inputs": {
        "systems": "systems"
      },
      "locked": {
        "lastModified": 1681202837,
        "narHash": "sha256-H+Rh19JDwRtpVPAWp64F+rlEtxUWBAQW28eAi3SRSzg=",
        "owner": "numtide",
        "repo": "flake-utils",
        "rev": "cfacdce06f30d2b68473a46042957675eebb3401",
        "type": "github"
      },
      "original": {
        "owner": "numtide",
        "repo": "flake-utils",
        "type": "github"
      }
    },
    "naersk": {
      "inputs": {
        "nixpkgs": "nixpkgs_2"
      },
      "locked": {
        "lastModified": 1679567394,
        "narHash": "sha256-ZvLuzPeARDLiQUt6zSZFGOs+HZmE+3g4QURc8mkBsfM=",
        "owner": "nix-community",
        "repo": "naersk",
        "rev": "88cd22380154a2c36799fe8098888f0f59861a15",
        "type": "github"
      },
      "original": {
        "owner": "nix-community",
        "repo": "naersk",
        "type": "github"
      }
    },
    "nixpkgs": {
      "locked": {
        "lastModified": 1683442750,
        "narHash": "sha256-IiJ0WWW6OcCrVFl1ijE+gTaP0ChFfV6dNkJR05yStmw=",
        "owner": "NixOS",
        "repo": "nixpkgs",
        "rev": "eb751d65225ec53de9cf3d88acbf08d275882389",
        "type": "github"
      },
      "original": {
        "id": "nixpkgs",
        "type": "indirect"
      }
    },
    "nixpkgs_2": {
      "locked": {
        "lastModified": 1683442750,
        "narHash": "sha256-IiJ0WWW6OcCrVFl1ijE+gTaP0ChFfV6dNkJR05yStmw=",
        "owner": "NixOS",
        "repo": "nixpkgs",
        "rev": "eb751d65225ec53de9cf3d88acbf08d275882389",
        "type": "github"
      },
      "original": {
        "id": "nixpkgs",
        "type": "indirect"
      }
    },
    "nixpkgs_3": {
      "locked": {
        "lastModified": 1683442750,
        "narHash": "sha256-IiJ0WWW6OcCrVFl1ijE+gTaP0ChFfV6dNkJR05yStmw=",
        "owner": "NixOS",
        "repo": "nixpkgs",
        "rev": "eb751d65225ec53de9cf3d88acbf08d275882389",
        "type": "github"
      },
      "original": {
        "id": "nixpkgs",
        "type": "indirect"
      }
    },
    "nixpkgs_4": {
      "locked": {
        "lastModified": 1681358109,
        "narHash": "sha256-eKyxW4OohHQx9Urxi7TQlFBTDWII+F+x2hklDOQPB50=",
        "owner": "NixOS",
        "repo": "nixpkgs",
        "rev": "96ba1c52e54e74c3197f4d43026b3f3d92e83ff9",
        "type": "github"
      },
      "original": {
        "owner": "NixOS",
        "ref": "nixpkgs-unstable",
        "repo": "nixpkgs",
        "type": "github"
      }
    },
    "root": {
      "inputs": {
        "nixpkgs": "nixpkgs",
        "wasm-tooling": "wasm-tooling"
      }
    },
    "rust-overlay": {
      "inputs": {
        "flake-utils": "flake-utils",
        "nixpkgs": "nixpkgs_4"
      },
      "locked": {
        "lastModified": 1683426137,
        "narHash": "sha256-iqLjaJDMppvK1ae1eL55b2r7EX+rbUuEnssFOe9eOm8=",
        "owner": "oxalica",
        "repo": "rust-overlay",
        "rev": "546a8209ce0965475495dd422e4ab3c6de7a268c",
        "type": "github"
      },
      "original": {
        "owner": "oxalica",
        "repo": "rust-overlay",
        "type": "github"
      }
    },
    "systems": {
      "locked": {
        "lastModified": 1681028828,
        "narHash": "sha256-Vy1rq5AaRuLzOxct8nz4T6wlgyUR7zLU309k9mBC768=",
        "owner": "nix-systems",
        "repo": "default",
        "rev": "da67096a3b9bf56a91d16901293e51ba5b49a27e",
        "type": "github"
      },
      "original": {
        "owner": "nix-systems",
        "repo": "default",
        "type": "github"
      }
    },
    "wasm-tooling": {
      "inputs": {
        "naersk": "naersk",
        "nixpkgs": "nixpkgs_3",
        "rust-overlay": "rust-overlay"
      },
      "locked": {
        "lastModified": 1683494025,
        "narHash": "sha256-pj3xIK8H/L5tBC5fusgYirJBNN2t95ALjOHJfO2OEgU=",
        "owner": "rambip",
        "repo": "wasm-tooling",
        "rev": "9cb58e08b23e5f3b6eeb143ca0be04ad799ed1d0",
        "type": "github"
      },
      "original": {
        "owner": "rambip",
        "repo": "wasm-tooling",
        "type": "github"
      }
    }
  },
  "root": "root",
  "version": 7
}
